{
  "requires": true,
  "lockfileVersion": 1,
  "dependencies": {
    "dj-database-url": {
      "version": "0.0.1",
      "resolved": "https://registry.npmjs.org/dj-database-url/-/dj-database-url-0.0.1.tgz",
      "integrity": "sha512-MQd6MRFEeX6fXyxyop16qn6Kbhqwvo4xoC+zhruWeLQvYH0fFNyJ7CyRLOojrLlQT1vIifeNj9E/3lXGZpK8mA=="
    },
    "whitenoise": {
      "version": "0.0.1",
      "resolved": "https://registry.npmjs.org/whitenoise/-/whitenoise-0.0.1.tgz",
      "integrity": "sha512-doAG/PnQWImgIkt/mQiMpLe2xrFUeRs2X/bQn8xWkkMKXHzIBsHKlVYVZLUC3Lci+7Jpx/lmOjcglKmtKNzMaw=="
    }
  }
}
